
Microsoft Visual Studio Solution File, Format Version 12.00
# Visual Studio Version 17
VisualStudioVersion = 17.3.32901.215
MinimumVisualStudioVersion = 10.0.40219.1
Project("{FAE04EC0-301F-11D3-BF4B-00C04F79EFBC}") = "AspnetCore.Cracken", "AspnetCore.Cracken.csproj", "{362E076C-0742-45C4-B33E-1F005BFB80BE}"
EndProject
Global
	GlobalSection(SolutionConfigurationPlatforms) = preSolution
		Debug|Any CPU = Debug|Any CPU
		Release|Any CPU = Release|Any CPU
	EndGlobalSection
	GlobalSection(ProjectConfigurationPlatforms) = postSolution
		{362E076C-0742-45C4-B33E-1F005BFB80BE}.Debug|Any CPU.ActiveCfg = Debug|Any CPU
		{362E076C-0742-45C4-B33E-1F005BFB80BE}.Debug|Any CPU.Build.0 = Debug|Any CPU
		{362E076C-0742-45C4-B33E-1F005BFB80BE}.Release|Any CPU.ActiveCfg = Release|Any CPU
		{362E076C-0742-45C4-B33E-1F005BFB80BE}.Release|Any CPU.Build.0 = Release|Any CPU
	EndGlobalSection
	GlobalSection(SolutionProperties) = preSolution
		HideSolutionNode = FALSE
	EndGlobalSection
	GlobalSection(ExtensibilityGlobals) = postSolution
		SolutionGuid = {8E07B4B7-DDE9-4071-B834-9F1BEA554AD9}
	EndGlobalSection
EndGlobal
